
Microsoft Visual Studio Solution File, Format Version 12.00
# Visual Studio 2013
VisualStudioVersion = 12.0.30110.0
MinimumVisualStudioVersion = 10.0.40219.1
Project("{FAE04EC0-301F-11D3-BF4B-00C04F79EFBC}") = "SystemInteract", "SystemInteract\SystemInteract.csproj", "{3AA57CBD-8CFE-4599-A0F4-EC36BF7622A2}"
EndProject
Project("{FAE04EC0-301F-11D3-BF4B-00C04F79EFBC}") = "SystemInteract.Remote", "SystemInteract.Remote\SystemInteract.Remote.csproj", "{CFE02B95-0DCD-44E6-9C4E-554BDCB6C5CB}"
EndProject
Project("{FAE04EC0-301F-11D3-BF4B-00C04F79EFBC}") = "SystemInteract.Local", "SystemInteract.Local\SystemInteract.Local.csproj", "{CFD73B05-6F9E-41DA-A6C3-6B831B97E917}"
EndProject
Global
	GlobalSection(SolutionConfigurationPlatforms) = preSolution
		Debug|Any CPU = Debug|Any CPU
		Release|Any CPU = Release|Any CPU
	EndGlobalSection
	GlobalSection(ProjectConfigurationPlatforms) = postSolution
		{3AA57CBD-8CFE-4599-A0F4-EC36BF7622A2}.Debug|Any CPU.ActiveCfg = Debug|Any CPU
		{3AA57CBD-8CFE-4599-A0F4-EC36BF7622A2}.Debug|Any CPU.Build.0 = Debug|Any CPU
		{3AA57CBD-8CFE-4599-A0F4-EC36BF7622A2}.Release|Any CPU.ActiveCfg = Release|Any CPU
		{3AA57CBD-8CFE-4599-A0F4-EC36BF7622A2}.Release|Any CPU.Build.0 = Release|Any CPU
		{CFE02B95-0DCD-44E6-9C4E-554BDCB6C5CB}.Debug|Any CPU.ActiveCfg = Debug|Any CPU
		{CFE02B95-0DCD-44E6-9C4E-554BDCB6C5CB}.Debug|Any CPU.Build.0 = Debug|Any CPU
		{CFE02B95-0DCD-44E6-9C4E-554BDCB6C5CB}.Release|Any CPU.ActiveCfg = Release|Any CPU
		{CFE02B95-0DCD-44E6-9C4E-554BDCB6C5CB}.Release|Any CPU.Build.0 = Release|Any CPU
		{CFD73B05-6F9E-41DA-A6C3-6B831B97E917}.Debug|Any CPU.ActiveCfg = Debug|Any CPU
		{CFD73B05-6F9E-41DA-A6C3-6B831B97E917}.Debug|Any CPU.Build.0 = Debug|Any CPU
		{CFD73B05-6F9E-41DA-A6C3-6B831B97E917}.Release|Any CPU.ActiveCfg = Release|Any CPU
		{CFD73B05-6F9E-41DA-A6C3-6B831B97E917}.Release|Any CPU.Build.0 = Release|Any CPU
	EndGlobalSection
	GlobalSection(SolutionProperties) = preSolution
		HideSolutionNode = FALSE
	EndGlobalSection
EndGlobal
