
Microsoft Visual Studio Solution File, Format Version 12.00
# Visual Studio Version 16
VisualStudioVersion = 16.0.30621.155
MinimumVisualStudioVersion = 10.0.40219.1
Project("{FAE04EC0-301F-11D3-BF4B-00C04F79EFBC}") = "SystemInteract", "SystemInteract\SystemInteract.csproj", "{52B653BF-1640-4125-88DC-5B9D479606AA}"
EndProject
Project("{FAE04EC0-301F-11D3-BF4B-00C04F79EFBC}") = "SystemInteract.Local", "SystemInteract.Local\SystemInteract.Local.csproj", "{4D487935-269F-4D16-84C5-69E14E684854}"
EndProject
Project("{FAE04EC0-301F-11D3-BF4B-00C04F79EFBC}") = "SystemInteract.Remote", "SystemInteract.Remote\SystemInteract.Remote.csproj", "{A3BCA13D-866E-495D-B24B-F5D45F3E18C7}"
EndProject
Project("{FAE04EC0-301F-11D3-BF4B-00C04F79EFBC}") = "SystemInteract.Tests", "SystemInteract.Tests\SystemInteract.Tests.csproj", "{9CE403F7-5A14-45BB-9C3F-C05F59040A12}"
EndProject
Global
	GlobalSection(SolutionConfigurationPlatforms) = preSolution
		Debug|Any CPU = Debug|Any CPU
		Release|Any CPU = Release|Any CPU
	EndGlobalSection
	GlobalSection(ProjectConfigurationPlatforms) = postSolution
		{52B653BF-1640-4125-88DC-5B9D479606AA}.Debug|Any CPU.ActiveCfg = Debug|Any CPU
		{52B653BF-1640-4125-88DC-5B9D479606AA}.Debug|Any CPU.Build.0 = Debug|Any CPU
		{52B653BF-1640-4125-88DC-5B9D479606AA}.Release|Any CPU.ActiveCfg = Release|Any CPU
		{52B653BF-1640-4125-88DC-5B9D479606AA}.Release|Any CPU.Build.0 = Release|Any CPU
		{4D487935-269F-4D16-84C5-69E14E684854}.Debug|Any CPU.ActiveCfg = Debug|Any CPU
		{4D487935-269F-4D16-84C5-69E14E684854}.Debug|Any CPU.Build.0 = Debug|Any CPU
		{4D487935-269F-4D16-84C5-69E14E684854}.Release|Any CPU.ActiveCfg = Release|Any CPU
		{4D487935-269F-4D16-84C5-69E14E684854}.Release|Any CPU.Build.0 = Release|Any CPU
		{A3BCA13D-866E-495D-B24B-F5D45F3E18C7}.Debug|Any CPU.ActiveCfg = Debug|Any CPU
		{A3BCA13D-866E-495D-B24B-F5D45F3E18C7}.Debug|Any CPU.Build.0 = Debug|Any CPU
		{A3BCA13D-866E-495D-B24B-F5D45F3E18C7}.Release|Any CPU.ActiveCfg = Release|Any CPU
		{A3BCA13D-866E-495D-B24B-F5D45F3E18C7}.Release|Any CPU.Build.0 = Release|Any CPU
		{9CE403F7-5A14-45BB-9C3F-C05F59040A12}.Debug|Any CPU.ActiveCfg = Debug|Any CPU
		{9CE403F7-5A14-45BB-9C3F-C05F59040A12}.Debug|Any CPU.Build.0 = Debug|Any CPU
		{9CE403F7-5A14-45BB-9C3F-C05F59040A12}.Release|Any CPU.ActiveCfg = Release|Any CPU
		{9CE403F7-5A14-45BB-9C3F-C05F59040A12}.Release|Any CPU.Build.0 = Release|Any CPU
	EndGlobalSection
	GlobalSection(SolutionProperties) = preSolution
		HideSolutionNode = FALSE
	EndGlobalSection
	GlobalSection(ExtensibilityGlobals) = postSolution
		SolutionGuid = {DB448771-96C9-4890-8717-72F956E387BE}
	EndGlobalSection
EndGlobal
