
Microsoft Visual Studio Solution File, Format Version 12.00
# Visual Studio 15
VisualStudioVersion = 15.0.28307.438
MinimumVisualStudioVersion = 10.0.40219.1
Project("{FAE04EC0-301F-11D3-BF4B-00C04F79EFBC}") = "SystemInteract", "SystemInteract\SystemInteract.csproj", "{3AA57CBD-8CFE-4599-A0F4-EC36BF7622A2}"
EndProject
Project("{FAE04EC0-301F-11D3-BF4B-00C04F79EFBC}") = "SystemInteract.Remote", "SystemInteract.Remote\SystemInteract.Remote.csproj", "{CFE02B95-0DCD-44E6-9C4E-554BDCB6C5CB}"
EndProject
Project("{FAE04EC0-301F-11D3-BF4B-00C04F79EFBC}") = "SystemInteract.Local", "SystemInteract.Local\SystemInteract.Local.csproj", "{CFD73B05-6F9E-41DA-A6C3-6B831B97E917}"
EndProject
Project("{FAE04EC0-301F-11D3-BF4B-00C04F79EFBC}") = "SystemInteract.Tests", "SystemInteract.Tests\SystemInteract.Tests.csproj", "{5DF29C69-930B-4DFD-BB95-F732E25A279E}"
EndProject
Global
	GlobalSection(SolutionConfigurationPlatforms) = preSolution
		Debug|Any CPU = Debug|Any CPU
		Release|Any CPU = Release|Any CPU
	EndGlobalSection
	GlobalSection(ProjectConfigurationPlatforms) = postSolution
		{3AA57CBD-8CFE-4599-A0F4-EC36BF7622A2}.Debug|Any CPU.ActiveCfg = Debug|Any CPU
		{3AA57CBD-8CFE-4599-A0F4-EC36BF7622A2}.Debug|Any CPU.Build.0 = Debug|Any CPU
		{3AA57CBD-8CFE-4599-A0F4-EC36BF7622A2}.Release|Any CPU.ActiveCfg = Release|Any CPU
		{3AA57CBD-8CFE-4599-A0F4-EC36BF7622A2}.Release|Any CPU.Build.0 = Release|Any CPU
		{CFE02B95-0DCD-44E6-9C4E-554BDCB6C5CB}.Debug|Any CPU.ActiveCfg = Debug|Any CPU
		{CFE02B95-0DCD-44E6-9C4E-554BDCB6C5CB}.Debug|Any CPU.Build.0 = Debug|Any CPU
		{CFE02B95-0DCD-44E6-9C4E-554BDCB6C5CB}.Release|Any CPU.ActiveCfg = Release|Any CPU
		{CFE02B95-0DCD-44E6-9C4E-554BDCB6C5CB}.Release|Any CPU.Build.0 = Release|Any CPU
		{CFD73B05-6F9E-41DA-A6C3-6B831B97E917}.Debug|Any CPU.ActiveCfg = Debug|Any CPU
		{CFD73B05-6F9E-41DA-A6C3-6B831B97E917}.Debug|Any CPU.Build.0 = Debug|Any CPU
		{CFD73B05-6F9E-41DA-A6C3-6B831B97E917}.Release|Any CPU.ActiveCfg = Release|Any CPU
		{CFD73B05-6F9E-41DA-A6C3-6B831B97E917}.Release|Any CPU.Build.0 = Release|Any CPU
		{5DF29C69-930B-4DFD-BB95-F732E25A279E}.Debug|Any CPU.ActiveCfg = Debug|Any CPU
		{5DF29C69-930B-4DFD-BB95-F732E25A279E}.Debug|Any CPU.Build.0 = Debug|Any CPU
		{5DF29C69-930B-4DFD-BB95-F732E25A279E}.Release|Any CPU.ActiveCfg = Release|Any CPU
		{5DF29C69-930B-4DFD-BB95-F732E25A279E}.Release|Any CPU.Build.0 = Release|Any CPU
	EndGlobalSection
	GlobalSection(SolutionProperties) = preSolution
		HideSolutionNode = FALSE
	EndGlobalSection
	GlobalSection(ExtensibilityGlobals) = postSolution
		SolutionGuid = {897D1D00-9AD4-463D-BD67-BDB3D7FECAED}
	EndGlobalSection
EndGlobal
